
Microsoft Visual Studio Solution File, Format Version 12.00
# Visual Studio Version 17
VisualStudioVersion = 17.14.36109.1 d17.14
MinimumVisualStudioVersion = 10.0.40219.1
Project("{FAE04EC0-301F-11D3-BF4B-00C04F79EFBC}") = "ejercicio5", "ejercicio5\ejercicio5.csproj", "{9E3A09DC-8DCD-4AD5-B092-08C89D9188EE}"
EndProject
Global
	GlobalSection(SolutionConfigurationPlatforms) = preSolution
		Debug|Any CPU = Debug|Any CPU
		Release|Any CPU = Release|Any CPU
	EndGlobalSection
	GlobalSection(ProjectConfigurationPlatforms) = postSolution
		{9E3A09DC-8DCD-4AD5-B092-08C89D9188EE}.Debug|Any CPU.ActiveCfg = Debug|Any CPU
		{9E3A09DC-8DCD-4AD5-B092-08C89D9188EE}.Debug|Any CPU.Build.0 = Debug|Any CPU
		{9E3A09DC-8DCD-4AD5-B092-08C89D9188EE}.Release|Any CPU.ActiveCfg = Release|Any CPU
		{9E3A09DC-8DCD-4AD5-B092-08C89D9188EE}.Release|Any CPU.Build.0 = Release|Any CPU
	EndGlobalSection
	GlobalSection(SolutionProperties) = preSolution
		HideSolutionNode = FALSE
	EndGlobalSection
	GlobalSection(ExtensibilityGlobals) = postSolution
		SolutionGuid = {E1290A34-036B-4ACA-85F1-A4C028C52A26}
	EndGlobalSection
EndGlobal
